
Microsoft Visual Studio Solution File, Format Version 12.00
# Visual Studio Version 17
VisualStudioVersion = 17.0.31912.275
MinimumVisualStudioVersion = 10.0.40219.1
Project("{6EC3EE1D-3C4E-46DD-8F32-0CC8E7565705}") = "Aoc21_Common", "Aoc21_Common\Aoc21_Common.fsproj", "{AC137BF5-C001-4B60-95AB-7D2C9054EF5D}"
EndProject
Project("{6EC3EE1D-3C4E-46DD-8F32-0CC8E7565705}") = "Maze", "Practice\Maze\Maze.fsproj", "{8C5687DC-625E-4472-ACF2-901AE5850A3A}"
EndProject
Project("{2150E333-8FDC-42A3-9474-1A3956D46DE8}") = "Common", "Common", "{19E08892-11E8-49F7-AFB5-7565FE307D21}"
EndProject
Project("{2150E333-8FDC-42A3-9474-1A3956D46DE8}") = "Practice", "Practice", "{CE00AB54-157E-451C-A8E9-29FB4F2B2C62}"
EndProject
Project("{6EC3EE1D-3C4E-46DD-8F32-0CC8E7565705}") = "FParsecSimple", "Practice\FParsecSimple\FParsecSimple.fsproj", "{2CC44DB4-D680-44F3-B410-7F293D2A6CD2}"
EndProject
Project("{6EC3EE1D-3C4E-46DD-8F32-0CC8E7565705}") = "FParsecRecursiveTree", "Practice\FParsecRecursiveTree\FParsecRecursiveTree.fsproj", "{9AF79FAC-B120-4A3D-972A-5D66394FBC8F}"
EndProject
Project("{6EC3EE1D-3C4E-46DD-8F32-0CC8E7565705}") = "GarbageParser_Aoc17_d09", "Practice\GarbageParser_Aoc17_d09\GarbageParser_Aoc17_d09.fsproj", "{C0CDE064-38F3-4834-9F21-62145F77C45B}"
EndProject
Project("{6EC3EE1D-3C4E-46DD-8F32-0CC8E7565705}") = "MathParser", "Practice\MathParser\MathParser.fsproj", "{64362170-53F3-4DD7-A1F5-AC1A9F05835D}"
EndProject
Project("{2150E333-8FDC-42A3-9474-1A3956D46DE8}") = "Puzzles-01-08", "Puzzles-01-08", "{E317DE56-4BB1-49B1-A77B-15895F74D6CF}"
EndProject
Project("{6EC3EE1D-3C4E-46DD-8F32-0CC8E7565705}") = "D01", "Puzzles-01-08\D01\D01.fsproj", "{51360AA5-E626-4692-9C95-DF8F8B50E121}"
EndProject
Project("{6EC3EE1D-3C4E-46DD-8F32-0CC8E7565705}") = "D02", "Puzzles-01-08\D02\D02.fsproj", "{B1AAB624-FFEA-4E21-9E78-F3D8CB1CEBB7}"
EndProject
Project("{6EC3EE1D-3C4E-46DD-8F32-0CC8E7565705}") = "D03", "Puzzles-01-08\D03\D03.fsproj", "{90AB8A2F-3EFA-470C-B15D-04219696D49A}"
EndProject
Project("{6EC3EE1D-3C4E-46DD-8F32-0CC8E7565705}") = "D04", "Puzzles-01-08\D04\D04.fsproj", "{2407CBB1-A04F-4CEC-B30C-2F4FBF10D649}"
EndProject
Project("{6EC3EE1D-3C4E-46DD-8F32-0CC8E7565705}") = "D05", "Puzzles-01-08\D05\D05.fsproj", "{E47731A8-9E9E-418F-BA58-9213ABAA39C7}"
EndProject
Project("{6EC3EE1D-3C4E-46DD-8F32-0CC8E7565705}") = "D06", "Puzzles-01-08\D06\D06.fsproj", "{6F0CB7C2-2544-41F5-9FFE-E77D6D7728DB}"
EndProject
Project("{6EC3EE1D-3C4E-46DD-8F32-0CC8E7565705}") = "D07", "Puzzles-01-08\D07\D07.fsproj", "{8761359E-5B16-433A-B46E-2471BEA18C88}"
EndProject
Project("{6EC3EE1D-3C4E-46DD-8F32-0CC8E7565705}") = "D08", "Puzzles-01-08\D08\D08.fsproj", "{FA8E0B7D-2C02-4808-B7E1-B87E717C7EA5}"
EndProject
Project("{6EC3EE1D-3C4E-46DD-8F32-0CC8E7565705}") = "D07_Z3", "Practice\D07_Z3\D07_Z3.fsproj", "{94D519DE-4A41-4C36-95D6-B0ADF770913C}"
EndProject
Project("{2150E333-8FDC-42A3-9474-1A3956D46DE8}") = "Puzzles-09-16", "Puzzles-09-16", "{945F3011-E999-4A46-9E4D-3875A4B4C7AC}"
EndProject
Project("{6EC3EE1D-3C4E-46DD-8F32-0CC8E7565705}") = "D09", "Puzzles-09-16\D09\D09.fsproj", "{36A258CF-C3C5-41FF-A21F-21B5A885D61B}"
EndProject
Project("{6EC3EE1D-3C4E-46DD-8F32-0CC8E7565705}") = "D10", "Puzzles-09-16\D10\D10.fsproj", "{1BAB91B5-804F-4176-84B8-F003DC1A90D9}"
EndProject
Project("{6EC3EE1D-3C4E-46DD-8F32-0CC8E7565705}") = "D11", "Puzzles-09-16\D11\D11.fsproj", "{3EAD8D45-39C3-4F4C-A057-F7D4A08172B1}"
EndProject
Global
	GlobalSection(SolutionConfigurationPlatforms) = preSolution
		Debug|Any CPU = Debug|Any CPU
		Release|Any CPU = Release|Any CPU
	EndGlobalSection
	GlobalSection(ProjectConfigurationPlatforms) = postSolution
		{AC137BF5-C001-4B60-95AB-7D2C9054EF5D}.Debug|Any CPU.ActiveCfg = Debug|Any CPU
		{AC137BF5-C001-4B60-95AB-7D2C9054EF5D}.Debug|Any CPU.Build.0 = Debug|Any CPU
		{AC137BF5-C001-4B60-95AB-7D2C9054EF5D}.Release|Any CPU.ActiveCfg = Release|Any CPU
		{AC137BF5-C001-4B60-95AB-7D2C9054EF5D}.Release|Any CPU.Build.0 = Release|Any CPU
		{8C5687DC-625E-4472-ACF2-901AE5850A3A}.Debug|Any CPU.ActiveCfg = Debug|Any CPU
		{8C5687DC-625E-4472-ACF2-901AE5850A3A}.Debug|Any CPU.Build.0 = Debug|Any CPU
		{8C5687DC-625E-4472-ACF2-901AE5850A3A}.Release|Any CPU.ActiveCfg = Release|Any CPU
		{8C5687DC-625E-4472-ACF2-901AE5850A3A}.Release|Any CPU.Build.0 = Release|Any CPU
		{2CC44DB4-D680-44F3-B410-7F293D2A6CD2}.Debug|Any CPU.ActiveCfg = Debug|Any CPU
		{2CC44DB4-D680-44F3-B410-7F293D2A6CD2}.Debug|Any CPU.Build.0 = Debug|Any CPU
		{2CC44DB4-D680-44F3-B410-7F293D2A6CD2}.Release|Any CPU.ActiveCfg = Release|Any CPU
		{2CC44DB4-D680-44F3-B410-7F293D2A6CD2}.Release|Any CPU.Build.0 = Release|Any CPU
		{9AF79FAC-B120-4A3D-972A-5D66394FBC8F}.Debug|Any CPU.ActiveCfg = Debug|Any CPU
		{9AF79FAC-B120-4A3D-972A-5D66394FBC8F}.Debug|Any CPU.Build.0 = Debug|Any CPU
		{9AF79FAC-B120-4A3D-972A-5D66394FBC8F}.Release|Any CPU.ActiveCfg = Release|Any CPU
		{9AF79FAC-B120-4A3D-972A-5D66394FBC8F}.Release|Any CPU.Build.0 = Release|Any CPU
		{C0CDE064-38F3-4834-9F21-62145F77C45B}.Debug|Any CPU.ActiveCfg = Debug|Any CPU
		{C0CDE064-38F3-4834-9F21-62145F77C45B}.Debug|Any CPU.Build.0 = Debug|Any CPU
		{C0CDE064-38F3-4834-9F21-62145F77C45B}.Release|Any CPU.ActiveCfg = Release|Any CPU
		{C0CDE064-38F3-4834-9F21-62145F77C45B}.Release|Any CPU.Build.0 = Release|Any CPU
		{64362170-53F3-4DD7-A1F5-AC1A9F05835D}.Debug|Any CPU.ActiveCfg = Debug|Any CPU
		{64362170-53F3-4DD7-A1F5-AC1A9F05835D}.Debug|Any CPU.Build.0 = Debug|Any CPU
		{64362170-53F3-4DD7-A1F5-AC1A9F05835D}.Release|Any CPU.ActiveCfg = Release|Any CPU
		{64362170-53F3-4DD7-A1F5-AC1A9F05835D}.Release|Any CPU.Build.0 = Release|Any CPU
		{51360AA5-E626-4692-9C95-DF8F8B50E121}.Debug|Any CPU.ActiveCfg = Debug|Any CPU
		{51360AA5-E626-4692-9C95-DF8F8B50E121}.Debug|Any CPU.Build.0 = Debug|Any CPU
		{51360AA5-E626-4692-9C95-DF8F8B50E121}.Release|Any CPU.ActiveCfg = Release|Any CPU
		{51360AA5-E626-4692-9C95-DF8F8B50E121}.Release|Any CPU.Build.0 = Release|Any CPU
		{B1AAB624-FFEA-4E21-9E78-F3D8CB1CEBB7}.Debug|Any CPU.ActiveCfg = Debug|Any CPU
		{B1AAB624-FFEA-4E21-9E78-F3D8CB1CEBB7}.Debug|Any CPU.Build.0 = Debug|Any CPU
		{B1AAB624-FFEA-4E21-9E78-F3D8CB1CEBB7}.Release|Any CPU.ActiveCfg = Release|Any CPU
		{B1AAB624-FFEA-4E21-9E78-F3D8CB1CEBB7}.Release|Any CPU.Build.0 = Release|Any CPU
		{90AB8A2F-3EFA-470C-B15D-04219696D49A}.Debug|Any CPU.ActiveCfg = Debug|Any CPU
		{90AB8A2F-3EFA-470C-B15D-04219696D49A}.Debug|Any CPU.Build.0 = Debug|Any CPU
		{90AB8A2F-3EFA-470C-B15D-04219696D49A}.Release|Any CPU.ActiveCfg = Release|Any CPU
		{90AB8A2F-3EFA-470C-B15D-04219696D49A}.Release|Any CPU.Build.0 = Release|Any CPU
		{2407CBB1-A04F-4CEC-B30C-2F4FBF10D649}.Debug|Any CPU.ActiveCfg = Debug|Any CPU
		{2407CBB1-A04F-4CEC-B30C-2F4FBF10D649}.Debug|Any CPU.Build.0 = Debug|Any CPU
		{2407CBB1-A04F-4CEC-B30C-2F4FBF10D649}.Release|Any CPU.ActiveCfg = Release|Any CPU
		{2407CBB1-A04F-4CEC-B30C-2F4FBF10D649}.Release|Any CPU.Build.0 = Release|Any CPU
		{E47731A8-9E9E-418F-BA58-9213ABAA39C7}.Debug|Any CPU.ActiveCfg = Debug|Any CPU
		{E47731A8-9E9E-418F-BA58-9213ABAA39C7}.Debug|Any CPU.Build.0 = Debug|Any CPU
		{E47731A8-9E9E-418F-BA58-9213ABAA39C7}.Release|Any CPU.ActiveCfg = Release|Any CPU
		{E47731A8-9E9E-418F-BA58-9213ABAA39C7}.Release|Any CPU.Build.0 = Release|Any CPU
		{6F0CB7C2-2544-41F5-9FFE-E77D6D7728DB}.Debug|Any CPU.ActiveCfg = Debug|Any CPU
		{6F0CB7C2-2544-41F5-9FFE-E77D6D7728DB}.Debug|Any CPU.Build.0 = Debug|Any CPU
		{6F0CB7C2-2544-41F5-9FFE-E77D6D7728DB}.Release|Any CPU.ActiveCfg = Release|Any CPU
		{6F0CB7C2-2544-41F5-9FFE-E77D6D7728DB}.Release|Any CPU.Build.0 = Release|Any CPU
		{8761359E-5B16-433A-B46E-2471BEA18C88}.Debug|Any CPU.ActiveCfg = Debug|Any CPU
		{8761359E-5B16-433A-B46E-2471BEA18C88}.Debug|Any CPU.Build.0 = Debug|Any CPU
		{8761359E-5B16-433A-B46E-2471BEA18C88}.Release|Any CPU.ActiveCfg = Release|Any CPU
		{8761359E-5B16-433A-B46E-2471BEA18C88}.Release|Any CPU.Build.0 = Release|Any CPU
		{FA8E0B7D-2C02-4808-B7E1-B87E717C7EA5}.Debug|Any CPU.ActiveCfg = Debug|Any CPU
		{FA8E0B7D-2C02-4808-B7E1-B87E717C7EA5}.Debug|Any CPU.Build.0 = Debug|Any CPU
		{FA8E0B7D-2C02-4808-B7E1-B87E717C7EA5}.Release|Any CPU.ActiveCfg = Release|Any CPU
		{FA8E0B7D-2C02-4808-B7E1-B87E717C7EA5}.Release|Any CPU.Build.0 = Release|Any CPU
		{94D519DE-4A41-4C36-95D6-B0ADF770913C}.Debug|Any CPU.ActiveCfg = Debug|Any CPU
		{94D519DE-4A41-4C36-95D6-B0ADF770913C}.Debug|Any CPU.Build.0 = Debug|Any CPU
		{94D519DE-4A41-4C36-95D6-B0ADF770913C}.Release|Any CPU.ActiveCfg = Release|Any CPU
		{94D519DE-4A41-4C36-95D6-B0ADF770913C}.Release|Any CPU.Build.0 = Release|Any CPU
		{36A258CF-C3C5-41FF-A21F-21B5A885D61B}.Debug|Any CPU.ActiveCfg = Debug|Any CPU
		{36A258CF-C3C5-41FF-A21F-21B5A885D61B}.Debug|Any CPU.Build.0 = Debug|Any CPU
		{36A258CF-C3C5-41FF-A21F-21B5A885D61B}.Release|Any CPU.ActiveCfg = Release|Any CPU
		{36A258CF-C3C5-41FF-A21F-21B5A885D61B}.Release|Any CPU.Build.0 = Release|Any CPU
		{1BAB91B5-804F-4176-84B8-F003DC1A90D9}.Debug|Any CPU.ActiveCfg = Debug|Any CPU
		{1BAB91B5-804F-4176-84B8-F003DC1A90D9}.Debug|Any CPU.Build.0 = Debug|Any CPU
		{1BAB91B5-804F-4176-84B8-F003DC1A90D9}.Release|Any CPU.ActiveCfg = Release|Any CPU
		{1BAB91B5-804F-4176-84B8-F003DC1A90D9}.Release|Any CPU.Build.0 = Release|Any CPU
		{3EAD8D45-39C3-4F4C-A057-F7D4A08172B1}.Debug|Any CPU.ActiveCfg = Debug|Any CPU
		{3EAD8D45-39C3-4F4C-A057-F7D4A08172B1}.Debug|Any CPU.Build.0 = Debug|Any CPU
		{3EAD8D45-39C3-4F4C-A057-F7D4A08172B1}.Release|Any CPU.ActiveCfg = Release|Any CPU
		{3EAD8D45-39C3-4F4C-A057-F7D4A08172B1}.Release|Any CPU.Build.0 = Release|Any CPU
	EndGlobalSection
	GlobalSection(SolutionProperties) = preSolution
		HideSolutionNode = FALSE
	EndGlobalSection
	GlobalSection(NestedProjects) = preSolution
		{AC137BF5-C001-4B60-95AB-7D2C9054EF5D} = {19E08892-11E8-49F7-AFB5-7565FE307D21}
		{8C5687DC-625E-4472-ACF2-901AE5850A3A} = {CE00AB54-157E-451C-A8E9-29FB4F2B2C62}
		{2CC44DB4-D680-44F3-B410-7F293D2A6CD2} = {CE00AB54-157E-451C-A8E9-29FB4F2B2C62}
		{9AF79FAC-B120-4A3D-972A-5D66394FBC8F} = {CE00AB54-157E-451C-A8E9-29FB4F2B2C62}
		{C0CDE064-38F3-4834-9F21-62145F77C45B} = {CE00AB54-157E-451C-A8E9-29FB4F2B2C62}
		{64362170-53F3-4DD7-A1F5-AC1A9F05835D} = {CE00AB54-157E-451C-A8E9-29FB4F2B2C62}
		{51360AA5-E626-4692-9C95-DF8F8B50E121} = {E317DE56-4BB1-49B1-A77B-15895F74D6CF}
		{B1AAB624-FFEA-4E21-9E78-F3D8CB1CEBB7} = {E317DE56-4BB1-49B1-A77B-15895F74D6CF}
		{90AB8A2F-3EFA-470C-B15D-04219696D49A} = {E317DE56-4BB1-49B1-A77B-15895F74D6CF}
		{2407CBB1-A04F-4CEC-B30C-2F4FBF10D649} = {E317DE56-4BB1-49B1-A77B-15895F74D6CF}
		{E47731A8-9E9E-418F-BA58-9213ABAA39C7} = {E317DE56-4BB1-49B1-A77B-15895F74D6CF}
		{6F0CB7C2-2544-41F5-9FFE-E77D6D7728DB} = {E317DE56-4BB1-49B1-A77B-15895F74D6CF}
		{8761359E-5B16-433A-B46E-2471BEA18C88} = {E317DE56-4BB1-49B1-A77B-15895F74D6CF}
		{FA8E0B7D-2C02-4808-B7E1-B87E717C7EA5} = {E317DE56-4BB1-49B1-A77B-15895F74D6CF}
		{94D519DE-4A41-4C36-95D6-B0ADF770913C} = {CE00AB54-157E-451C-A8E9-29FB4F2B2C62}
		{36A258CF-C3C5-41FF-A21F-21B5A885D61B} = {945F3011-E999-4A46-9E4D-3875A4B4C7AC}
		{1BAB91B5-804F-4176-84B8-F003DC1A90D9} = {945F3011-E999-4A46-9E4D-3875A4B4C7AC}
		{3EAD8D45-39C3-4F4C-A057-F7D4A08172B1} = {945F3011-E999-4A46-9E4D-3875A4B4C7AC}
	EndGlobalSection
	GlobalSection(ExtensibilityGlobals) = postSolution
		SolutionGuid = {BFA7113D-34EA-410E-9AA7-B68289D75A45}
	EndGlobalSection
EndGlobal
